
Microsoft Visual Studio Solution File, Format Version 12.00
# Visual Studio Version 16
VisualStudioVersion = 16.0.30413.136
MinimumVisualStudioVersion = 10.0.40219.1
Project("{FAE04EC0-301F-11D3-BF4B-00C04F79EFBC}") = "FSW", "FSW\FSW.csproj", "{4FEF3499-1C0B-4559-8109-F164CCCF069A}"
EndProject
Global
	GlobalSection(SolutionConfigurationPlatforms) = preSolution
		Debug|Any CPU = Debug|Any CPU
		Release|Any CPU = Release|Any CPU
	EndGlobalSection
	GlobalSection(ProjectConfigurationPlatforms) = postSolution
		{4FEF3499-1C0B-4559-8109-F164CCCF069A}.Debug|Any CPU.ActiveCfg = Debug|Any CPU
		{4FEF3499-1C0B-4559-8109-F164CCCF069A}.Debug|Any CPU.Build.0 = Debug|Any CPU
		{4FEF3499-1C0B-4559-8109-F164CCCF069A}.Release|Any CPU.ActiveCfg = Release|Any CPU
		{4FEF3499-1C0B-4559-8109-F164CCCF069A}.Release|Any CPU.Build.0 = Release|Any CPU
	EndGlobalSection
	GlobalSection(SolutionProperties) = preSolution
		HideSolutionNode = FALSE
	EndGlobalSection
	GlobalSection(ExtensibilityGlobals) = postSolution
		SolutionGuid = {9365E564-71F4-4972-9DF8-D74C62377D03}
	EndGlobalSection
EndGlobal
